
Microsoft Visual Studio Solution File, Format Version 12.00
# Visual Studio Version 16
VisualStudioVersion = 16.0.29311.281
MinimumVisualStudioVersion = 10.0.40219.1
Project("{D954291E-2A0B-460D-934E-DC6B0785DB48}") = "MyUno.Shared", "MyUno\MyUno.Shared\MyUno.Shared.shproj", "{6279C845-92F8-4333-AB99-3D213163593C}"
EndProject
Project("{FAE04EC0-301F-11D3-BF4B-00C04F79EFBC}") = "MyUno.Droid", "MyUno\MyUno.Droid\MyUno.Droid.csproj", "{80BF878C-492B-4101-B9A4-2490257FE262}"
EndProject
Project("{FAE04EC0-301F-11D3-BF4B-00C04F79EFBC}") = "MyUno.iOS", "MyUno\MyUno.iOS\MyUno.iOS.csproj", "{F4832A93-17E5-4939-BE35-E30ED353D7FC}"
EndProject
Project("{FAE04EC0-301F-11D3-BF4B-00C04F79EFBC}") = "MyUno.UWP", "MyUno\MyUno.UWP\MyUno.UWP.csproj", "{8345A1B9-954C-46AF-B371-2D2E28E4A5E0}"
EndProject
Project("{9A19103F-16F7-4668-BE54-9A1E7A4F7556}") = "MyUno.Wasm", "MyUno\MyUno.Wasm\MyUno.Wasm.csproj", "{8A017529-75A4-47D9-88BC-89AFE9DE13B7}"
EndProject
Global
	GlobalSection(SharedMSBuildProjectFiles) = preSolution
		MyUno\MyUno.Shared\MyUno.Shared.projitems*{6279c845-92f8-4333-ab99-3d213163593c}*SharedItemsImports = 13
		MyUno\MyUno.Shared\MyUno.Shared.projitems*{80bf878c-492b-4101-b9a4-2490257fe262}*SharedItemsImports = 4
		MyUno\MyUno.Shared\MyUno.Shared.projitems*{8345a1b9-954c-46af-b371-2d2e28e4a5e0}*SharedItemsImports = 4
		MyUno\MyUno.Shared\MyUno.Shared.projitems*{f4832a93-17e5-4939-be35-e30ed353d7fc}*SharedItemsImports = 4
	EndGlobalSection
	GlobalSection(SolutionConfigurationPlatforms) = preSolution
		Ad-Hoc|Any CPU = Ad-Hoc|Any CPU
		Ad-Hoc|ARM = Ad-Hoc|ARM
		Ad-Hoc|iPhone = Ad-Hoc|iPhone
		Ad-Hoc|iPhoneSimulator = Ad-Hoc|iPhoneSimulator
		Ad-Hoc|x64 = Ad-Hoc|x64
		Ad-Hoc|x86 = Ad-Hoc|x86
		AppStore|Any CPU = AppStore|Any CPU
		AppStore|ARM = AppStore|ARM
		AppStore|iPhone = AppStore|iPhone
		AppStore|iPhoneSimulator = AppStore|iPhoneSimulator
		AppStore|x64 = AppStore|x64
		AppStore|x86 = AppStore|x86
		Debug|Any CPU = Debug|Any CPU
		Debug|ARM = Debug|ARM
		Debug|iPhone = Debug|iPhone
		Debug|iPhoneSimulator = Debug|iPhoneSimulator
		Debug|x64 = Debug|x64
		Debug|x86 = Debug|x86
		Release|Any CPU = Release|Any CPU
		Release|ARM = Release|ARM
		Release|iPhone = Release|iPhone
		Release|iPhoneSimulator = Release|iPhoneSimulator
		Release|x64 = Release|x64
		Release|x86 = Release|x86
	EndGlobalSection
	GlobalSection(ProjectConfigurationPlatforms) = postSolution
		{80BF878C-492B-4101-B9A4-2490257FE262}.Ad-Hoc|Any CPU.ActiveCfg = Release|Any CPU
		{80BF878C-492B-4101-B9A4-2490257FE262}.Ad-Hoc|Any CPU.Build.0 = Release|Any CPU
		{80BF878C-492B-4101-B9A4-2490257FE262}.Ad-Hoc|Any CPU.Deploy.0 = Release|Any CPU
		{80BF878C-492B-4101-B9A4-2490257FE262}.Ad-Hoc|ARM.ActiveCfg = Release|Any CPU
		{80BF878C-492B-4101-B9A4-2490257FE262}.Ad-Hoc|ARM.Build.0 = Release|Any CPU
		{80BF878C-492B-4101-B9A4-2490257FE262}.Ad-Hoc|ARM.Deploy.0 = Release|Any CPU
		{80BF878C-492B-4101-B9A4-2490257FE262}.Ad-Hoc|iPhone.ActiveCfg = Release|Any CPU
		{80BF878C-492B-4101-B9A4-2490257FE262}.Ad-Hoc|iPhone.Build.0 = Release|Any CPU
		{80BF878C-492B-4101-B9A4-2490257FE262}.Ad-Hoc|iPhone.Deploy.0 = Release|Any CPU
		{80BF878C-492B-4101-B9A4-2490257FE262}.Ad-Hoc|iPhoneSimulator.ActiveCfg = Release|Any CPU
		{80BF878C-492B-4101-B9A4-2490257FE262}.Ad-Hoc|iPhoneSimulator.Build.0 = Release|Any CPU
		{80BF878C-492B-4101-B9A4-2490257FE262}.Ad-Hoc|iPhoneSimulator.Deploy.0 = Release|Any CPU
		{80BF878C-492B-4101-B9A4-2490257FE262}.Ad-Hoc|x64.ActiveCfg = Release|Any CPU
		{80BF878C-492B-4101-B9A4-2490257FE262}.Ad-Hoc|x64.Build.0 = Release|Any CPU
		{80BF878C-492B-4101-B9A4-2490257FE262}.Ad-Hoc|x64.Deploy.0 = Release|Any CPU
		{80BF878C-492B-4101-B9A4-2490257FE262}.Ad-Hoc|x86.ActiveCfg = Release|Any CPU
		{80BF878C-492B-4101-B9A4-2490257FE262}.Ad-Hoc|x86.Build.0 = Release|Any CPU
		{80BF878C-492B-4101-B9A4-2490257FE262}.Ad-Hoc|x86.Deploy.0 = Release|Any CPU
		{80BF878C-492B-4101-B9A4-2490257FE262}.AppStore|Any CPU.ActiveCfg = Release|Any CPU
		{80BF878C-492B-4101-B9A4-2490257FE262}.AppStore|Any CPU.Build.0 = Release|Any CPU
		{80BF878C-492B-4101-B9A4-2490257FE262}.AppStore|Any CPU.Deploy.0 = Release|Any CPU
		{80BF878C-492B-4101-B9A4-2490257FE262}.AppStore|ARM.ActiveCfg = Release|Any CPU
		{80BF878C-492B-4101-B9A4-2490257FE262}.AppStore|ARM.Build.0 = Release|Any CPU
		{80BF878C-492B-4101-B9A4-2490257FE262}.AppStore|ARM.Deploy.0 = Release|Any CPU
		{80BF878C-492B-4101-B9A4-2490257FE262}.AppStore|iPhone.ActiveCfg = Release|Any CPU
		{80BF878C-492B-4101-B9A4-2490257FE262}.AppStore|iPhone.Build.0 = Release|Any CPU
		{80BF878C-492B-4101-B9A4-2490257FE262}.AppStore|iPhone.Deploy.0 = Release|Any CPU
		{80BF878C-492B-4101-B9A4-2490257FE262}.AppStore|iPhoneSimulator.ActiveCfg = Release|Any CPU
		{80BF878C-492B-4101-B9A4-2490257FE262}.AppStore|iPhoneSimulator.Build.0 = Release|Any CPU
		{80BF878C-492B-4101-B9A4-2490257FE262}.AppStore|iPhoneSimulator.Deploy.0 = Release|Any CPU
		{80BF878C-492B-4101-B9A4-2490257FE262}.AppStore|x64.ActiveCfg = Release|Any CPU
		{80BF878C-492B-4101-B9A4-2490257FE262}.AppStore|x64.Build.0 = Release|Any CPU
		{80BF878C-492B-4101-B9A4-2490257FE262}.AppStore|x64.Deploy.0 = Release|Any CPU
		{80BF878C-492B-4101-B9A4-2490257FE262}.AppStore|x86.ActiveCfg = Release|Any CPU
		{80BF878C-492B-4101-B9A4-2490257FE262}.AppStore|x86.Build.0 = Release|Any CPU
		{80BF878C-492B-4101-B9A4-2490257FE262}.AppStore|x86.Deploy.0 = Release|Any CPU
		{80BF878C-492B-4101-B9A4-2490257FE262}.Debug|Any CPU.ActiveCfg = Debug|Any CPU
		{80BF878C-492B-4101-B9A4-2490257FE262}.Debug|Any CPU.Build.0 = Debug|Any CPU
		{80BF878C-492B-4101-B9A4-2490257FE262}.Debug|Any CPU.Deploy.0 = Debug|Any CPU
		{80BF878C-492B-4101-B9A4-2490257FE262}.Debug|ARM.ActiveCfg = Debug|Any CPU
		{80BF878C-492B-4101-B9A4-2490257FE262}.Debug|ARM.Build.0 = Debug|Any CPU
		{80BF878C-492B-4101-B9A4-2490257FE262}.Debug|ARM.Deploy.0 = Debug|Any CPU
		{80BF878C-492B-4101-B9A4-2490257FE262}.Debug|iPhone.ActiveCfg = Debug|Any CPU
		{80BF878C-492B-4101-B9A4-2490257FE262}.Debug|iPhone.Build.0 = Debug|Any CPU
		{80BF878C-492B-4101-B9A4-2490257FE262}.Debug|iPhone.Deploy.0 = Debug|Any CPU
		{80BF878C-492B-4101-B9A4-2490257FE262}.Debug|iPhoneSimulator.ActiveCfg = Debug|Any CPU
		{80BF878C-492B-4101-B9A4-2490257FE262}.Debug|iPhoneSimulator.Build.0 = Debug|Any CPU
		{80BF878C-492B-4101-B9A4-2490257FE262}.Debug|iPhoneSimulator.Deploy.0 = Debug|Any CPU
		{80BF878C-492B-4101-B9A4-2490257FE262}.Debug|x64.ActiveCfg = Debug|Any CPU
		{80BF878C-492B-4101-B9A4-2490257FE262}.Debug|x64.Build.0 = Debug|Any CPU
		{80BF878C-492B-4101-B9A4-2490257FE262}.Debug|x64.Deploy.0 = Debug|Any CPU
		{80BF878C-492B-4101-B9A4-2490257FE262}.Debug|x86.ActiveCfg = Debug|Any CPU
		{80BF878C-492B-4101-B9A4-2490257FE262}.Debug|x86.Build.0 = Debug|Any CPU
		{80BF878C-492B-4101-B9A4-2490257FE262}.Debug|x86.Deploy.0 = Debug|Any CPU
		{80BF878C-492B-4101-B9A4-2490257FE262}.Release|Any CPU.ActiveCfg = Release|Any CPU
		{80BF878C-492B-4101-B9A4-2490257FE262}.Release|Any CPU.Build.0 = Release|Any CPU
		{80BF878C-492B-4101-B9A4-2490257FE262}.Release|Any CPU.Deploy.0 = Release|Any CPU
		{80BF878C-492B-4101-B9A4-2490257FE262}.Release|ARM.ActiveCfg = Release|Any CPU
		{80BF878C-492B-4101-B9A4-2490257FE262}.Release|ARM.Build.0 = Release|Any CPU
		{80BF878C-492B-4101-B9A4-2490257FE262}.Release|ARM.Deploy.0 = Release|Any CPU
		{80BF878C-492B-4101-B9A4-2490257FE262}.Release|iPhone.ActiveCfg = Release|Any CPU
		{80BF878C-492B-4101-B9A4-2490257FE262}.Release|iPhone.Build.0 = Release|Any CPU
		{80BF878C-492B-4101-B9A4-2490257FE262}.Release|iPhone.Deploy.0 = Release|Any CPU
		{80BF878C-492B-4101-B9A4-2490257FE262}.Release|iPhoneSimulator.ActiveCfg = Release|Any CPU
		{80BF878C-492B-4101-B9A4-2490257FE262}.Release|iPhoneSimulator.Build.0 = Release|Any CPU
		{80BF878C-492B-4101-B9A4-2490257FE262}.Release|iPhoneSimulator.Deploy.0 = Release|Any CPU
		{80BF878C-492B-4101-B9A4-2490257FE262}.Release|x64.ActiveCfg = Release|Any CPU
		{80BF878C-492B-4101-B9A4-2490257FE262}.Release|x64.Build.0 = Release|Any CPU
		{80BF878C-492B-4101-B9A4-2490257FE262}.Release|x64.Deploy.0 = Release|Any CPU
		{80BF878C-492B-4101-B9A4-2490257FE262}.Release|x86.ActiveCfg = Release|Any CPU
		{80BF878C-492B-4101-B9A4-2490257FE262}.Release|x86.Build.0 = Release|Any CPU
		{80BF878C-492B-4101-B9A4-2490257FE262}.Release|x86.Deploy.0 = Release|Any CPU
		{F4832A93-17E5-4939-BE35-E30ED353D7FC}.Ad-Hoc|Any CPU.ActiveCfg = Ad-Hoc|iPhone
		{F4832A93-17E5-4939-BE35-E30ED353D7FC}.Ad-Hoc|ARM.ActiveCfg = Ad-Hoc|iPhone
		{F4832A93-17E5-4939-BE35-E30ED353D7FC}.Ad-Hoc|iPhone.ActiveCfg = Ad-Hoc|iPhone
		{F4832A93-17E5-4939-BE35-E30ED353D7FC}.Ad-Hoc|iPhone.Build.0 = Ad-Hoc|iPhone
		{F4832A93-17E5-4939-BE35-E30ED353D7FC}.Ad-Hoc|iPhoneSimulator.ActiveCfg = Ad-Hoc|iPhoneSimulator
		{F4832A93-17E5-4939-BE35-E30ED353D7FC}.Ad-Hoc|iPhoneSimulator.Build.0 = Ad-Hoc|iPhoneSimulator
		{F4832A93-17E5-4939-BE35-E30ED353D7FC}.Ad-Hoc|x64.ActiveCfg = Ad-Hoc|iPhone
		{F4832A93-17E5-4939-BE35-E30ED353D7FC}.Ad-Hoc|x86.ActiveCfg = Ad-Hoc|iPhone
		{F4832A93-17E5-4939-BE35-E30ED353D7FC}.AppStore|Any CPU.ActiveCfg = AppStore|iPhone
		{F4832A93-17E5-4939-BE35-E30ED353D7FC}.AppStore|ARM.ActiveCfg = AppStore|iPhone
		{F4832A93-17E5-4939-BE35-E30ED353D7FC}.AppStore|iPhone.ActiveCfg = AppStore|iPhone
		{F4832A93-17E5-4939-BE35-E30ED353D7FC}.AppStore|iPhone.Build.0 = AppStore|iPhone
		{F4832A93-17E5-4939-BE35-E30ED353D7FC}.AppStore|iPhoneSimulator.ActiveCfg = AppStore|iPhoneSimulator
		{F4832A93-17E5-4939-BE35-E30ED353D7FC}.AppStore|iPhoneSimulator.Build.0 = AppStore|iPhoneSimulator
		{F4832A93-17E5-4939-BE35-E30ED353D7FC}.AppStore|x64.ActiveCfg = AppStore|iPhone
		{F4832A93-17E5-4939-BE35-E30ED353D7FC}.AppStore|x86.ActiveCfg = AppStore|iPhone
		{F4832A93-17E5-4939-BE35-E30ED353D7FC}.Debug|Any CPU.ActiveCfg = Debug|iPhone
		{F4832A93-17E5-4939-BE35-E30ED353D7FC}.Debug|ARM.ActiveCfg = Debug|iPhone
		{F4832A93-17E5-4939-BE35-E30ED353D7FC}.Debug|iPhone.ActiveCfg = Debug|iPhone
		{F4832A93-17E5-4939-BE35-E30ED353D7FC}.Debug|iPhone.Build.0 = Debug|iPhone
		{F4832A93-17E5-4939-BE35-E30ED353D7FC}.Debug|iPhoneSimulator.ActiveCfg = Debug|iPhoneSimulator
		{F4832A93-17E5-4939-BE35-E30ED353D7FC}.Debug|iPhoneSimulator.Build.0 = Debug|iPhoneSimulator
		{F4832A93-17E5-4939-BE35-E30ED353D7FC}.Debug|x64.ActiveCfg = Debug|iPhone
		{F4832A93-17E5-4939-BE35-E30ED353D7FC}.Debug|x86.ActiveCfg = Debug|iPhone
		{F4832A93-17E5-4939-BE35-E30ED353D7FC}.Release|Any CPU.ActiveCfg = Release|iPhone
		{F4832A93-17E5-4939-BE35-E30ED353D7FC}.Release|ARM.ActiveCfg = Release|iPhone
		{F4832A93-17E5-4939-BE35-E30ED353D7FC}.Release|iPhone.ActiveCfg = Release|iPhone
		{F4832A93-17E5-4939-BE35-E30ED353D7FC}.Release|iPhone.Build.0 = Release|iPhone
		{F4832A93-17E5-4939-BE35-E30ED353D7FC}.Release|iPhoneSimulator.ActiveCfg = Release|iPhoneSimulator
		{F4832A93-17E5-4939-BE35-E30ED353D7FC}.Release|iPhoneSimulator.Build.0 = Release|iPhoneSimulator
		{F4832A93-17E5-4939-BE35-E30ED353D7FC}.Release|x64.ActiveCfg = Release|iPhone
		{F4832A93-17E5-4939-BE35-E30ED353D7FC}.Release|x86.ActiveCfg = Release|iPhone
		{8345A1B9-954C-46AF-B371-2D2E28E4A5E0}.Ad-Hoc|Any CPU.ActiveCfg = Release|x64
		{8345A1B9-954C-46AF-B371-2D2E28E4A5E0}.Ad-Hoc|Any CPU.Build.0 = Release|x64
		{8345A1B9-954C-46AF-B371-2D2E28E4A5E0}.Ad-Hoc|Any CPU.Deploy.0 = Release|x64
		{8345A1B9-954C-46AF-B371-2D2E28E4A5E0}.Ad-Hoc|ARM.ActiveCfg = Release|ARM
		{8345A1B9-954C-46AF-B371-2D2E28E4A5E0}.Ad-Hoc|ARM.Build.0 = Release|ARM
		{8345A1B9-954C-46AF-B371-2D2E28E4A5E0}.Ad-Hoc|ARM.Deploy.0 = Release|ARM
		{8345A1B9-954C-46AF-B371-2D2E28E4A5E0}.Ad-Hoc|iPhone.ActiveCfg = Release|x64
		{8345A1B9-954C-46AF-B371-2D2E28E4A5E0}.Ad-Hoc|iPhone.Build.0 = Release|x64
		{8345A1B9-954C-46AF-B371-2D2E28E4A5E0}.Ad-Hoc|iPhone.Deploy.0 = Release|x64
		{8345A1B9-954C-46AF-B371-2D2E28E4A5E0}.Ad-Hoc|iPhoneSimulator.ActiveCfg = Release|x64
		{8345A1B9-954C-46AF-B371-2D2E28E4A5E0}.Ad-Hoc|iPhoneSimulator.Build.0 = Release|x64
		{8345A1B9-954C-46AF-B371-2D2E28E4A5E0}.Ad-Hoc|iPhoneSimulator.Deploy.0 = Release|x64
		{8345A1B9-954C-46AF-B371-2D2E28E4A5E0}.Ad-Hoc|x64.ActiveCfg = Release|x64
		{8345A1B9-954C-46AF-B371-2D2E28E4A5E0}.Ad-Hoc|x64.Build.0 = Release|x64
		{8345A1B9-954C-46AF-B371-2D2E28E4A5E0}.Ad-Hoc|x64.Deploy.0 = Release|x64
		{8345A1B9-954C-46AF-B371-2D2E28E4A5E0}.Ad-Hoc|x86.ActiveCfg = Release|x86
		{8345A1B9-954C-46AF-B371-2D2E28E4A5E0}.Ad-Hoc|x86.Build.0 = Release|x86
		{8345A1B9-954C-46AF-B371-2D2E28E4A5E0}.Ad-Hoc|x86.Deploy.0 = Release|x86
		{8345A1B9-954C-46AF-B371-2D2E28E4A5E0}.AppStore|Any CPU.ActiveCfg = Release|x64
		{8345A1B9-954C-46AF-B371-2D2E28E4A5E0}.AppStore|Any CPU.Build.0 = Release|x64
		{8345A1B9-954C-46AF-B371-2D2E28E4A5E0}.AppStore|Any CPU.Deploy.0 = Release|x64
		{8345A1B9-954C-46AF-B371-2D2E28E4A5E0}.AppStore|ARM.ActiveCfg = Release|ARM
		{8345A1B9-954C-46AF-B371-2D2E28E4A5E0}.AppStore|ARM.Build.0 = Release|ARM
		{8345A1B9-954C-46AF-B371-2D2E28E4A5E0}.AppStore|ARM.Deploy.0 = Release|ARM
		{8345A1B9-954C-46AF-B371-2D2E28E4A5E0}.AppStore|iPhone.ActiveCfg = Release|x64
		{8345A1B9-954C-46AF-B371-2D2E28E4A5E0}.AppStore|iPhone.Build.0 = Release|x64
		{8345A1B9-954C-46AF-B371-2D2E28E4A5E0}.AppStore|iPhone.Deploy.0 = Release|x64
		{8345A1B9-954C-46AF-B371-2D2E28E4A5E0}.AppStore|iPhoneSimulator.ActiveCfg = Release|x64
		{8345A1B9-954C-46AF-B371-2D2E28E4A5E0}.AppStore|iPhoneSimulator.Build.0 = Release|x64
		{8345A1B9-954C-46AF-B371-2D2E28E4A5E0}.AppStore|iPhoneSimulator.Deploy.0 = Release|x64
		{8345A1B9-954C-46AF-B371-2D2E28E4A5E0}.AppStore|x64.ActiveCfg = Release|x64
		{8345A1B9-954C-46AF-B371-2D2E28E4A5E0}.AppStore|x64.Build.0 = Release|x64
		{8345A1B9-954C-46AF-B371-2D2E28E4A5E0}.AppStore|x64.Deploy.0 = Release|x64
		{8345A1B9-954C-46AF-B371-2D2E28E4A5E0}.AppStore|x86.ActiveCfg = Release|x86
		{8345A1B9-954C-46AF-B371-2D2E28E4A5E0}.AppStore|x86.Build.0 = Release|x86
		{8345A1B9-954C-46AF-B371-2D2E28E4A5E0}.AppStore|x86.Deploy.0 = Release|x86
		{8345A1B9-954C-46AF-B371-2D2E28E4A5E0}.Debug|Any CPU.ActiveCfg = Debug|x86
		{8345A1B9-954C-46AF-B371-2D2E28E4A5E0}.Debug|ARM.ActiveCfg = Debug|ARM
		{8345A1B9-954C-46AF-B371-2D2E28E4A5E0}.Debug|ARM.Build.0 = Debug|ARM
		{8345A1B9-954C-46AF-B371-2D2E28E4A5E0}.Debug|ARM.Deploy.0 = Debug|ARM
		{8345A1B9-954C-46AF-B371-2D2E28E4A5E0}.Debug|iPhone.ActiveCfg = Debug|x86
		{8345A1B9-954C-46AF-B371-2D2E28E4A5E0}.Debug|iPhoneSimulator.ActiveCfg = Debug|x86
		{8345A1B9-954C-46AF-B371-2D2E28E4A5E0}.Debug|x64.ActiveCfg = Debug|x64
		{8345A1B9-954C-46AF-B371-2D2E28E4A5E0}.Debug|x64.Build.0 = Debug|x64
		{8345A1B9-954C-46AF-B371-2D2E28E4A5E0}.Debug|x64.Deploy.0 = Debug|x64
		{8345A1B9-954C-46AF-B371-2D2E28E4A5E0}.Debug|x86.ActiveCfg = Debug|x86
		{8345A1B9-954C-46AF-B371-2D2E28E4A5E0}.Debug|x86.Build.0 = Debug|x86
		{8345A1B9-954C-46AF-B371-2D2E28E4A5E0}.Debug|x86.Deploy.0 = Debug|x86
		{8345A1B9-954C-46AF-B371-2D2E28E4A5E0}.Release|Any CPU.ActiveCfg = Release|x86
		{8345A1B9-954C-46AF-B371-2D2E28E4A5E0}.Release|ARM.ActiveCfg = Release|ARM
		{8345A1B9-954C-46AF-B371-2D2E28E4A5E0}.Release|ARM.Build.0 = Release|ARM
		{8345A1B9-954C-46AF-B371-2D2E28E4A5E0}.Release|ARM.Deploy.0 = Release|ARM
		{8345A1B9-954C-46AF-B371-2D2E28E4A5E0}.Release|iPhone.ActiveCfg = Release|x86
		{8345A1B9-954C-46AF-B371-2D2E28E4A5E0}.Release|iPhoneSimulator.ActiveCfg = Release|x86
		{8345A1B9-954C-46AF-B371-2D2E28E4A5E0}.Release|x64.ActiveCfg = Release|x64
		{8345A1B9-954C-46AF-B371-2D2E28E4A5E0}.Release|x64.Build.0 = Release|x64
		{8345A1B9-954C-46AF-B371-2D2E28E4A5E0}.Release|x64.Deploy.0 = Release|x64
		{8345A1B9-954C-46AF-B371-2D2E28E4A5E0}.Release|x86.ActiveCfg = Release|x86
		{8345A1B9-954C-46AF-B371-2D2E28E4A5E0}.Release|x86.Build.0 = Release|x86
		{8345A1B9-954C-46AF-B371-2D2E28E4A5E0}.Release|x86.Deploy.0 = Release|x86
		{8A017529-75A4-47D9-88BC-89AFE9DE13B7}.Ad-Hoc|Any CPU.ActiveCfg = Debug|Any CPU
		{8A017529-75A4-47D9-88BC-89AFE9DE13B7}.Ad-Hoc|Any CPU.Build.0 = Debug|Any CPU
		{8A017529-75A4-47D9-88BC-89AFE9DE13B7}.Ad-Hoc|ARM.ActiveCfg = Debug|Any CPU
		{8A017529-75A4-47D9-88BC-89AFE9DE13B7}.Ad-Hoc|ARM.Build.0 = Debug|Any CPU
		{8A017529-75A4-47D9-88BC-89AFE9DE13B7}.Ad-Hoc|iPhone.ActiveCfg = Debug|Any CPU
		{8A017529-75A4-47D9-88BC-89AFE9DE13B7}.Ad-Hoc|iPhone.Build.0 = Debug|Any CPU
		{8A017529-75A4-47D9-88BC-89AFE9DE13B7}.Ad-Hoc|iPhoneSimulator.ActiveCfg = Debug|Any CPU
		{8A017529-75A4-47D9-88BC-89AFE9DE13B7}.Ad-Hoc|iPhoneSimulator.Build.0 = Debug|Any CPU
		{8A017529-75A4-47D9-88BC-89AFE9DE13B7}.Ad-Hoc|x64.ActiveCfg = Debug|Any CPU
		{8A017529-75A4-47D9-88BC-89AFE9DE13B7}.Ad-Hoc|x64.Build.0 = Debug|Any CPU
		{8A017529-75A4-47D9-88BC-89AFE9DE13B7}.Ad-Hoc|x86.ActiveCfg = Debug|Any CPU
		{8A017529-75A4-47D9-88BC-89AFE9DE13B7}.Ad-Hoc|x86.Build.0 = Debug|Any CPU
		{8A017529-75A4-47D9-88BC-89AFE9DE13B7}.AppStore|Any CPU.ActiveCfg = Debug|Any CPU
		{8A017529-75A4-47D9-88BC-89AFE9DE13B7}.AppStore|Any CPU.Build.0 = Debug|Any CPU
		{8A017529-75A4-47D9-88BC-89AFE9DE13B7}.AppStore|ARM.ActiveCfg = Debug|Any CPU
		{8A017529-75A4-47D9-88BC-89AFE9DE13B7}.AppStore|ARM.Build.0 = Debug|Any CPU
		{8A017529-75A4-47D9-88BC-89AFE9DE13B7}.AppStore|iPhone.ActiveCfg = Debug|Any CPU
		{8A017529-75A4-47D9-88BC-89AFE9DE13B7}.AppStore|iPhone.Build.0 = Debug|Any CPU
		{8A017529-75A4-47D9-88BC-89AFE9DE13B7}.AppStore|iPhoneSimulator.ActiveCfg = Debug|Any CPU
		{8A017529-75A4-47D9-88BC-89AFE9DE13B7}.AppStore|iPhoneSimulator.Build.0 = Debug|Any CPU
		{8A017529-75A4-47D9-88BC-89AFE9DE13B7}.AppStore|x64.ActiveCfg = Debug|Any CPU
		{8A017529-75A4-47D9-88BC-89AFE9DE13B7}.AppStore|x64.Build.0 = Debug|Any CPU
		{8A017529-75A4-47D9-88BC-89AFE9DE13B7}.AppStore|x86.ActiveCfg = Debug|Any CPU
		{8A017529-75A4-47D9-88BC-89AFE9DE13B7}.AppStore|x86.Build.0 = Debug|Any CPU
		{8A017529-75A4-47D9-88BC-89AFE9DE13B7}.Debug|Any CPU.ActiveCfg = Debug|Any CPU
		{8A017529-75A4-47D9-88BC-89AFE9DE13B7}.Debug|Any CPU.Build.0 = Debug|Any CPU
		{8A017529-75A4-47D9-88BC-89AFE9DE13B7}.Debug|ARM.ActiveCfg = Debug|Any CPU
		{8A017529-75A4-47D9-88BC-89AFE9DE13B7}.Debug|ARM.Build.0 = Debug|Any CPU
		{8A017529-75A4-47D9-88BC-89AFE9DE13B7}.Debug|iPhone.ActiveCfg = Debug|Any CPU
		{8A017529-75A4-47D9-88BC-89AFE9DE13B7}.Debug|iPhone.Build.0 = Debug|Any CPU
		{8A017529-75A4-47D9-88BC-89AFE9DE13B7}.Debug|iPhoneSimulator.ActiveCfg = Debug|Any CPU
		{8A017529-75A4-47D9-88BC-89AFE9DE13B7}.Debug|iPhoneSimulator.Build.0 = Debug|Any CPU
		{8A017529-75A4-47D9-88BC-89AFE9DE13B7}.Debug|x64.ActiveCfg = Debug|Any CPU
		{8A017529-75A4-47D9-88BC-89AFE9DE13B7}.Debug|x64.Build.0 = Debug|Any CPU
		{8A017529-75A4-47D9-88BC-89AFE9DE13B7}.Debug|x86.ActiveCfg = Debug|Any CPU
		{8A017529-75A4-47D9-88BC-89AFE9DE13B7}.Debug|x86.Build.0 = Debug|Any CPU
		{8A017529-75A4-47D9-88BC-89AFE9DE13B7}.Release|Any CPU.ActiveCfg = Release|Any CPU
		{8A017529-75A4-47D9-88BC-89AFE9DE13B7}.Release|Any CPU.Build.0 = Release|Any CPU
		{8A017529-75A4-47D9-88BC-89AFE9DE13B7}.Release|ARM.ActiveCfg = Release|Any CPU
		{8A017529-75A4-47D9-88BC-89AFE9DE13B7}.Release|ARM.Build.0 = Release|Any CPU
		{8A017529-75A4-47D9-88BC-89AFE9DE13B7}.Release|iPhone.ActiveCfg = Release|Any CPU
		{8A017529-75A4-47D9-88BC-89AFE9DE13B7}.Release|iPhone.Build.0 = Release|Any CPU
		{8A017529-75A4-47D9-88BC-89AFE9DE13B7}.Release|iPhoneSimulator.ActiveCfg = Release|Any CPU
		{8A017529-75A4-47D9-88BC-89AFE9DE13B7}.Release|iPhoneSimulator.Build.0 = Release|Any CPU
		{8A017529-75A4-47D9-88BC-89AFE9DE13B7}.Release|x64.ActiveCfg = Release|Any CPU
		{8A017529-75A4-47D9-88BC-89AFE9DE13B7}.Release|x64.Build.0 = Release|Any CPU
		{8A017529-75A4-47D9-88BC-89AFE9DE13B7}.Release|x86.ActiveCfg = Release|Any CPU
		{8A017529-75A4-47D9-88BC-89AFE9DE13B7}.Release|x86.Build.0 = Release|Any CPU
	EndGlobalSection
	GlobalSection(SolutionProperties) = preSolution
		HideSolutionNode = FALSE
	EndGlobalSection
	GlobalSection(ExtensibilityGlobals) = postSolution
		SolutionGuid = {2DA7C10F-7B53-4AF8-98BC-BC619B94B594}
	EndGlobalSection
EndGlobal
